
Microsoft Visual Studio Solution File, Format Version 12.00
# Visual Studio Version 16
VisualStudioVersion = 16.0.33529.622
MinimumVisualStudioVersion = 10.0.40219.1
Project("{FAE04EC0-301F-11D3-BF4B-00C04F79EFBC}") = "retangulo", "retangulo\retangulo.csproj", "{51032D71-4FB3-4CC4-9FE9-30A1DF440F22}"
EndProject
Global
	GlobalSection(SolutionConfigurationPlatforms) = preSolution
		Debug|Any CPU = Debug|Any CPU
		Release|Any CPU = Release|Any CPU
	EndGlobalSection
	GlobalSection(ProjectConfigurationPlatforms) = postSolution
		{51032D71-4FB3-4CC4-9FE9-30A1DF440F22}.Debug|Any CPU.ActiveCfg = Debug|Any CPU
		{51032D71-4FB3-4CC4-9FE9-30A1DF440F22}.Debug|Any CPU.Build.0 = Debug|Any CPU
		{51032D71-4FB3-4CC4-9FE9-30A1DF440F22}.Release|Any CPU.ActiveCfg = Release|Any CPU
		{51032D71-4FB3-4CC4-9FE9-30A1DF440F22}.Release|Any CPU.Build.0 = Release|Any CPU
	EndGlobalSection
	GlobalSection(SolutionProperties) = preSolution
		HideSolutionNode = FALSE
	EndGlobalSection
	GlobalSection(ExtensibilityGlobals) = postSolution
		SolutionGuid = {AAD0F14A-1B4D-459E-8A09-D3DEDA64DFC4}
	EndGlobalSection
EndGlobal
