
Microsoft Visual Studio Solution File, Format Version 12.00
# Visual Studio Version 16
VisualStudioVersion = 16.0.33529.622
MinimumVisualStudioVersion = 10.0.40219.1
Project("{FAE04EC0-301F-11D3-BF4B-00C04F79EFBC}") = "soma_vetor", "soma_vetor\soma_vetor.csproj", "{D825235D-DFAB-48BB-A7BA-2B7F71D610CF}"
EndProject
Global
	GlobalSection(SolutionConfigurationPlatforms) = preSolution
		Debug|Any CPU = Debug|Any CPU
		Release|Any CPU = Release|Any CPU
	EndGlobalSection
	GlobalSection(ProjectConfigurationPlatforms) = postSolution
		{D825235D-DFAB-48BB-A7BA-2B7F71D610CF}.Debug|Any CPU.ActiveCfg = Debug|Any CPU
		{D825235D-DFAB-48BB-A7BA-2B7F71D610CF}.Debug|Any CPU.Build.0 = Debug|Any CPU
		{D825235D-DFAB-48BB-A7BA-2B7F71D610CF}.Release|Any CPU.ActiveCfg = Release|Any CPU
		{D825235D-DFAB-48BB-A7BA-2B7F71D610CF}.Release|Any CPU.Build.0 = Release|Any CPU
	EndGlobalSection
	GlobalSection(SolutionProperties) = preSolution
		HideSolutionNode = FALSE
	EndGlobalSection
	GlobalSection(ExtensibilityGlobals) = postSolution
		SolutionGuid = {C1EEF5F2-F98E-46C0-8A32-EEFAF2E9BDA0}
	EndGlobalSection
EndGlobal
